
Microsoft Visual Studio Solution File, Format Version 12.00
# Visual Studio Version 17
VisualStudioVersion = 17.7.34018.315
MinimumVisualStudioVersion = 10.0.40219.1
Project("{9A19103F-16F7-4668-BE54-9A1E7A4F7556}") = "WebProgramlama.Data", "WebProgramlama.Data\WebProgramlama.Data.csproj", "{B982B205-2E25-4599-9356-66BB9A1333C0}"
EndProject
Project("{9A19103F-16F7-4668-BE54-9A1E7A4F7556}") = "WebProgramlama.Entity", "WebProgramlama.Entity\WebProgramlama.Entity.csproj", "{054CDA03-1B78-4EBC-98C9-C493AA10224C}"
EndProject
Project("{9A19103F-16F7-4668-BE54-9A1E7A4F7556}") = "WebProgramlama.Service", "WebProgramlama.Service\WebProgramlama.Service.csproj", "{DEDCE897-B8DF-4633-BF45-7DA9AF91F8F1}"
	ProjectSection(ProjectDependencies) = postProject
		{054CDA03-1B78-4EBC-98C9-C493AA10224C} = {054CDA03-1B78-4EBC-98C9-C493AA10224C}
		{B982B205-2E25-4599-9356-66BB9A1333C0} = {B982B205-2E25-4599-9356-66BB9A1333C0}
	EndProjectSection
EndProject
Project("{9A19103F-16F7-4668-BE54-9A1E7A4F7556}") = "WebProgramlama.Web", "WebProgramlama.Web\WebProgramlama.Web.csproj", "{4378C8E2-4981-4A95-A275-1A62FBA81173}"
	ProjectSection(ProjectDependencies) = postProject
		{054CDA03-1B78-4EBC-98C9-C493AA10224C} = {054CDA03-1B78-4EBC-98C9-C493AA10224C}
		{DEDCE897-B8DF-4633-BF45-7DA9AF91F8F1} = {DEDCE897-B8DF-4633-BF45-7DA9AF91F8F1}
	EndProjectSection
EndProject
Global
	GlobalSection(SolutionConfigurationPlatforms) = preSolution
		Debug|Any CPU = Debug|Any CPU
		Release|Any CPU = Release|Any CPU
	EndGlobalSection
	GlobalSection(ProjectConfigurationPlatforms) = postSolution
		{B982B205-2E25-4599-9356-66BB9A1333C0}.Debug|Any CPU.ActiveCfg = Debug|Any CPU
		{B982B205-2E25-4599-9356-66BB9A1333C0}.Debug|Any CPU.Build.0 = Debug|Any CPU
		{B982B205-2E25-4599-9356-66BB9A1333C0}.Release|Any CPU.ActiveCfg = Release|Any CPU
		{B982B205-2E25-4599-9356-66BB9A1333C0}.Release|Any CPU.Build.0 = Release|Any CPU
		{054CDA03-1B78-4EBC-98C9-C493AA10224C}.Debug|Any CPU.ActiveCfg = Debug|Any CPU
		{054CDA03-1B78-4EBC-98C9-C493AA10224C}.Debug|Any CPU.Build.0 = Debug|Any CPU
		{054CDA03-1B78-4EBC-98C9-C493AA10224C}.Release|Any CPU.ActiveCfg = Release|Any CPU
		{054CDA03-1B78-4EBC-98C9-C493AA10224C}.Release|Any CPU.Build.0 = Release|Any CPU
		{DEDCE897-B8DF-4633-BF45-7DA9AF91F8F1}.Debug|Any CPU.ActiveCfg = Debug|Any CPU
		{DEDCE897-B8DF-4633-BF45-7DA9AF91F8F1}.Debug|Any CPU.Build.0 = Debug|Any CPU
		{DEDCE897-B8DF-4633-BF45-7DA9AF91F8F1}.Release|Any CPU.ActiveCfg = Release|Any CPU
		{DEDCE897-B8DF-4633-BF45-7DA9AF91F8F1}.Release|Any CPU.Build.0 = Release|Any CPU
		{4378C8E2-4981-4A95-A275-1A62FBA81173}.Debug|Any CPU.ActiveCfg = Debug|Any CPU
		{4378C8E2-4981-4A95-A275-1A62FBA81173}.Debug|Any CPU.Build.0 = Debug|Any CPU
		{4378C8E2-4981-4A95-A275-1A62FBA81173}.Release|Any CPU.ActiveCfg = Release|Any CPU
		{4378C8E2-4981-4A95-A275-1A62FBA81173}.Release|Any CPU.Build.0 = Release|Any CPU
	EndGlobalSection
	GlobalSection(SolutionProperties) = preSolution
		HideSolutionNode = FALSE
	EndGlobalSection
	GlobalSection(ExtensibilityGlobals) = postSolution
		SolutionGuid = {28FFCAFA-2D6A-489B-9E1F-4CCEF98E1F0F}
	EndGlobalSection
EndGlobal
